
Microsoft Visual Studio Solution File, Format Version 12.00
# Visual Studio Version 17
VisualStudioVersion = 17.6.33829.357
MinimumVisualStudioVersion = 10.0.40219.1
Project("{9A19103F-16F7-4668-BE54-9A1E7A4F7556}") = "lab11", "lab11\lab11.csproj", "{1FD98583-59DD-4EF0-B57F-50A4A981C3DE}"
EndProject
Project("{FAE04EC0-301F-11D3-BF4B-00C04F79EFBC}") = "ClassLibrary1", "ClassLibrary1\ClassLibrary1.csproj", "{EB996D7E-034A-45E0-91B9-736DF10930AF}"
EndProject
Project("{FAE04EC0-301F-11D3-BF4B-00C04F79EFBC}") = "WebAppNorthWind1", "WebAppNorthWind1\WebAppNorthWind1.csproj", "{5A0A6235-7ECF-4C1B-8216-E1DA28825C35}"
EndProject
Global
	GlobalSection(SolutionConfigurationPlatforms) = preSolution
		Debug|Any CPU = Debug|Any CPU
		Release|Any CPU = Release|Any CPU
	EndGlobalSection
	GlobalSection(ProjectConfigurationPlatforms) = postSolution
		{1FD98583-59DD-4EF0-B57F-50A4A981C3DE}.Debug|Any CPU.ActiveCfg = Debug|Any CPU
		{1FD98583-59DD-4EF0-B57F-50A4A981C3DE}.Debug|Any CPU.Build.0 = Debug|Any CPU
		{1FD98583-59DD-4EF0-B57F-50A4A981C3DE}.Release|Any CPU.ActiveCfg = Release|Any CPU
		{1FD98583-59DD-4EF0-B57F-50A4A981C3DE}.Release|Any CPU.Build.0 = Release|Any CPU
		{EB996D7E-034A-45E0-91B9-736DF10930AF}.Debug|Any CPU.ActiveCfg = Debug|Any CPU
		{EB996D7E-034A-45E0-91B9-736DF10930AF}.Debug|Any CPU.Build.0 = Debug|Any CPU
		{EB996D7E-034A-45E0-91B9-736DF10930AF}.Release|Any CPU.ActiveCfg = Release|Any CPU
		{EB996D7E-034A-45E0-91B9-736DF10930AF}.Release|Any CPU.Build.0 = Release|Any CPU
		{5A0A6235-7ECF-4C1B-8216-E1DA28825C35}.Debug|Any CPU.ActiveCfg = Debug|Any CPU
		{5A0A6235-7ECF-4C1B-8216-E1DA28825C35}.Debug|Any CPU.Build.0 = Debug|Any CPU
		{5A0A6235-7ECF-4C1B-8216-E1DA28825C35}.Release|Any CPU.ActiveCfg = Release|Any CPU
		{5A0A6235-7ECF-4C1B-8216-E1DA28825C35}.Release|Any CPU.Build.0 = Release|Any CPU
	EndGlobalSection
	GlobalSection(SolutionProperties) = preSolution
		HideSolutionNode = FALSE
	EndGlobalSection
	GlobalSection(ExtensibilityGlobals) = postSolution
		SolutionGuid = {EF4220C6-02C2-44BD-80B6-499DD9FF6C6E}
	EndGlobalSection
EndGlobal
